
Microsoft Visual Studio Solution File, Format Version 12.00
# Visual Studio 15
VisualStudioVersion = 15.0.27130.2010
MinimumVisualStudioVersion = 10.0.40219.1
Project("{FAE04EC0-301F-11D3-BF4B-00C04F79EFBC}") = "FlexibleSelenium.Tests", "FlexibleSelenium.Tests\FlexibleSelenium.Tests.csproj", "{C0E49E4F-BDFB-4974-837C-BCF4F1BD6995}"
EndProject
Project("{FAE04EC0-301F-11D3-BF4B-00C04F79EFBC}") = "FlexibleSelenium", "FlexibleSelenium\FlexibleSelenium.csproj", "{731CFC5F-F5B2-43B1-89A6-E31E9C72403C}"
EndProject
Global
	GlobalSection(SolutionConfigurationPlatforms) = preSolution
		Debug|Any CPU = Debug|Any CPU
		Release|Any CPU = Release|Any CPU
	EndGlobalSection
	GlobalSection(ProjectConfigurationPlatforms) = postSolution
		{C0E49E4F-BDFB-4974-837C-BCF4F1BD6995}.Debug|Any CPU.ActiveCfg = Debug|Any CPU
		{C0E49E4F-BDFB-4974-837C-BCF4F1BD6995}.Debug|Any CPU.Build.0 = Debug|Any CPU
		{C0E49E4F-BDFB-4974-837C-BCF4F1BD6995}.Release|Any CPU.ActiveCfg = Release|Any CPU
		{C0E49E4F-BDFB-4974-837C-BCF4F1BD6995}.Release|Any CPU.Build.0 = Release|Any CPU
		{731CFC5F-F5B2-43B1-89A6-E31E9C72403C}.Debug|Any CPU.ActiveCfg = Debug|Any CPU
		{731CFC5F-F5B2-43B1-89A6-E31E9C72403C}.Debug|Any CPU.Build.0 = Debug|Any CPU
		{731CFC5F-F5B2-43B1-89A6-E31E9C72403C}.Release|Any CPU.ActiveCfg = Release|Any CPU
		{731CFC5F-F5B2-43B1-89A6-E31E9C72403C}.Release|Any CPU.Build.0 = Release|Any CPU
	EndGlobalSection
	GlobalSection(SolutionProperties) = preSolution
		HideSolutionNode = FALSE
	EndGlobalSection
	GlobalSection(ExtensibilityGlobals) = postSolution
		SolutionGuid = {F4D8BE04-676E-4764-8D63-75D179AD6ABE}
	EndGlobalSection
EndGlobal
